
Microsoft Visual Studio Solution File, Format Version 12.00
# Visual Studio Version 17
VisualStudioVersion = 17.0.32112.339
MinimumVisualStudioVersion = 10.0.40219.1
Project("{FAE04EC0-301F-11D3-BF4B-00C04F79EFBC}") = "MTDC.Web", "src\MTDC.Web\MTDC.Web.csproj", "{22381AC9-1E54-42F9-88B9-F79C21B92A99}"
EndProject
Global
	GlobalSection(SolutionConfigurationPlatforms) = preSolution
		Debug|Any CPU = Debug|Any CPU
		Release|Any CPU = Release|Any CPU
	EndGlobalSection
	GlobalSection(ProjectConfigurationPlatforms) = postSolution
		{22381AC9-1E54-42F9-88B9-F79C21B92A99}.Debug|Any CPU.ActiveCfg = Debug|Any CPU
		{22381AC9-1E54-42F9-88B9-F79C21B92A99}.Debug|Any CPU.Build.0 = Debug|Any CPU
		{22381AC9-1E54-42F9-88B9-F79C21B92A99}.Release|Any CPU.ActiveCfg = Release|Any CPU
		{22381AC9-1E54-42F9-88B9-F79C21B92A99}.Release|Any CPU.Build.0 = Release|Any CPU
	EndGlobalSection
	GlobalSection(SolutionProperties) = preSolution
		HideSolutionNode = FALSE
	EndGlobalSection
	GlobalSection(ExtensibilityGlobals) = postSolution
		SolutionGuid = {4E3A31C1-85F1-42C7-AC12-FFE30CC4974C}
	EndGlobalSection
EndGlobal
